{
  "name": "okx-websocket-template",
  "version": "1.0.0",
  "lockfileVersion": 2,
  "requires": true,
  "packages": {
    "": {
      "name": "okx-websocket-template",
      "version": "1.0.0",
      "license": "ISC",
      "dependencies": {
        "pendax": "github:compendiumfi/pendax"
      }
    },
    "node_modules/pendax": {
      "version": "1.0.7",
      "resolved": "git+ssh://git@github.com/compendiumfi/pendax.git#9d2dedc4ab514df96e3fa2f12baca49ee1c86fae",
      "license": "ISC",
      "dependencies": {
        "short-unique-id": "^4.4.4"
      }
    },
    "node_modules/short-unique-id": {
      "version": "4.4.4",
      "resolved": "https://registry.npmjs.org/short-unique-id/-/short-unique-id-4.4.4.tgz",
      "integrity": "sha512-oLF1NCmtbiTWl2SqdXZQbo5KM1b7axdp0RgQLq8qCBBLoq+o3A5wmLrNM6bZIh54/a8BJ3l69kTXuxwZ+XCYuw==",
      "bin": {
        "short-unique-id": "bin/short-unique-id",
        "suid": "bin/short-unique-id"
      }
    }
  },
  "dependencies": {
    "pendax": {
      "version": "git+ssh://git@github.com/compendiumfi/pendax.git#9d2dedc4ab514df96e3fa2f12baca49ee1c86fae",
      "from": "pendax@compendiumfi/pendax",
      "requires": {
        "short-unique-id": "^4.4.4"
      }
    },
    "short-unique-id": {
      "version": "4.4.4",
      "resolved": "https://registry.npmjs.org/short-unique-id/-/short-unique-id-4.4.4.tgz",
      "integrity": "sha512-oLF1NCmtbiTWl2SqdXZQbo5KM1b7axdp0RgQLq8qCBBLoq+o3A5wmLrNM6bZIh54/a8BJ3l69kTXuxwZ+XCYuw=="
    }
  }
}
